
Microsoft Visual Studio Solution File, Format Version 12.00
# Visual Studio Version 16
VisualStudioVersion = 16.0.30907.101
MinimumVisualStudioVersion = 10.0.40219.1
Project("{FAE04EC0-301F-11D3-BF4B-00C04F79EFBC}") = "hada-p1", "hada-p1\hada-p1.csproj", "{9BBD4D7C-2BB4-4230-8E09-10825BD2D8E7}"
EndProject
Global
	GlobalSection(SolutionConfigurationPlatforms) = preSolution
		Debug|Any CPU = Debug|Any CPU
		Release|Any CPU = Release|Any CPU
	EndGlobalSection
	GlobalSection(ProjectConfigurationPlatforms) = postSolution
		{9BBD4D7C-2BB4-4230-8E09-10825BD2D8E7}.Debug|Any CPU.ActiveCfg = Debug|Any CPU
		{9BBD4D7C-2BB4-4230-8E09-10825BD2D8E7}.Debug|Any CPU.Build.0 = Debug|Any CPU
		{9BBD4D7C-2BB4-4230-8E09-10825BD2D8E7}.Release|Any CPU.ActiveCfg = Release|Any CPU
		{9BBD4D7C-2BB4-4230-8E09-10825BD2D8E7}.Release|Any CPU.Build.0 = Release|Any CPU
	EndGlobalSection
	GlobalSection(SolutionProperties) = preSolution
		HideSolutionNode = FALSE
	EndGlobalSection
	GlobalSection(ExtensibilityGlobals) = postSolution
		SolutionGuid = {C779C3EB-4B49-4051-8469-079CCBBDE266}
	EndGlobalSection
EndGlobal
